
Microsoft Visual Studio Solution File, Format Version 12.00
# Visual Studio 15
VisualStudioVersion = 15.0.28307.1738
MinimumVisualStudioVersion = 10.0.40219.1
Project("{8BC9CEB8-8B4A-11D0-8D11-00A0C91BC942}") = "Delaunay-simply", "Delaunay-simply\Delaunay-simply.vcxproj", "{F83834A6-20D0-421B-AB76-41009889A27C}"
EndProject
Global
	GlobalSection(SolutionConfigurationPlatforms) = preSolution
		Debug|x64 = Debug|x64
		Debug|x86 = Debug|x86
		Release|x64 = Release|x64
		Release|x86 = Release|x86
	EndGlobalSection
	GlobalSection(ProjectConfigurationPlatforms) = postSolution
		{F83834A6-20D0-421B-AB76-41009889A27C}.Debug|x64.ActiveCfg = Debug|x64
		{F83834A6-20D0-421B-AB76-41009889A27C}.Debug|x64.Build.0 = Debug|x64
		{F83834A6-20D0-421B-AB76-41009889A27C}.Debug|x86.ActiveCfg = Debug|Win32
		{F83834A6-20D0-421B-AB76-41009889A27C}.Debug|x86.Build.0 = Debug|Win32
		{F83834A6-20D0-421B-AB76-41009889A27C}.Release|x64.ActiveCfg = Release|x64
		{F83834A6-20D0-421B-AB76-41009889A27C}.Release|x64.Build.0 = Release|x64
		{F83834A6-20D0-421B-AB76-41009889A27C}.Release|x86.ActiveCfg = Release|Win32
		{F83834A6-20D0-421B-AB76-41009889A27C}.Release|x86.Build.0 = Release|Win32
	EndGlobalSection
	GlobalSection(SolutionProperties) = preSolution
		HideSolutionNode = FALSE
	EndGlobalSection
	GlobalSection(ExtensibilityGlobals) = postSolution
		SolutionGuid = {A509587A-2C04-4BE9-97A4-7AE78317AF86}
	EndGlobalSection
EndGlobal
